// !$*UTF8*$!
{
	archiveVersion = 1;
	classes = {
	};
	objectVersion = 46;
	objects = {

/* Begin PBXBuildFile section */
		0C56C48A18CE331A0040EB6C /* INDTwiMLDialElement.m in Sources */ = {isa = PBXBuildFile; fileRef = 0C56C46D18CE331A0040EB6C /* INDTwiMLDialElement.m */; };
		0C56C48B18CE331A0040EB6C /* INDTwiMLEnqueueElement.m in Sources */ = {isa = PBXBuildFile; fileRef = 0C56C46F18CE331A0040EB6C /* INDTwiMLEnqueueElement.m */; };
		0C56C48C18CE331A0040EB6C /* INDTwiMLGatherElement.m in Sources */ = {isa = PBXBuildFile; fileRef = 0C56C47118CE331A0040EB6C /* INDTwiMLGatherElement.m */; };
		0C56C48D18CE331A0040EB6C /* INDTwiMLHangupElement.m in Sources */ = {isa = PBXBuildFile; fileRef = 0C56C47318CE331A0040EB6C /* INDTwiMLHangupElement.m */; };
		0C56C48E18CE331A0040EB6C /* INDTwiMLLeaveElement.m in Sources */ = {isa = PBXBuildFile; fileRef = 0C56C47518CE331A0040EB6C /* INDTwiMLLeaveElement.m */; };
		0C56C48F18CE331A0040EB6C /* INDTwiMLPauseElement.m in Sources */ = {isa = PBXBuildFile; fileRef = 0C56C47718CE331A0040EB6C /* INDTwiMLPauseElement.m */; };
		0C56C49018CE331A0040EB6C /* INDTwiMLPlayElement.m in Sources */ = {isa = PBXBuildFile; fileRef = 0C56C47918CE331A0040EB6C /* INDTwiMLPlayElement.m */; };
		0C56C49118CE331A0040EB6C /* INDTwiMLRecordElement.m in Sources */ = {isa = PBXBuildFile; fileRef = 0C56C47B18CE331A0040EB6C /* INDTwiMLRecordElement.m */; };
		0C56C49218CE331A0040EB6C /* INDTwiMLRedirectElement.m in Sources */ = {isa = PBXBuildFile; fileRef = 0C56C47D18CE331A0040EB6C /* INDTwiMLRedirectElement.m */; };
		0C56C49318CE331A0040EB6C /* INDTwiMLRejectElement.m in Sources */ = {isa = PBXBuildFile; fileRef = 0C56C47F18CE331A0040EB6C /* INDTwiMLRejectElement.m */; };
		0C56C49418CE331A0040EB6C /* INDTwiMLSayElement.m in Sources */ = {isa = PBXBuildFile; fileRef = 0C56C48118CE331A0040EB6C /* INDTwiMLSayElement.m */; };
		0C56C49518CE331A0040EB6C /* INDTwiMLElement.m in Sources */ = {isa = PBXBuildFile; fileRef = 0C56C48418CE331A0040EB6C /* INDTwiMLElement.m */; };
		0C56C49618CE331A0040EB6C /* INDTwiMLFactory.m in Sources */ = {isa = PBXBuildFile; fileRef = 0C56C48718CE331A0040EB6C /* INDTwiMLFactory.m */; };
		0C56C49718CE331A0040EB6C /* INDTwiMLWritter.m in Sources */ = {isa = PBXBuildFile; fileRef = 0C56C48918CE331A0040EB6C /* INDTwiMLWritter.m */; };
		0C5FBEE818CE394E00AD374C /* INDTwiMLElementWithValue.m in Sources */ = {isa = PBXBuildFile; fileRef = 0C5FBEE718CE394E00AD374C /* INDTwiMLElementWithValue.m */; };
		0CC9A7A018CE563A005D01FB /* INDTwiMLNestableElement.m in Sources */ = {isa = PBXBuildFile; fileRef = 0CC9A79F18CE563A005D01FB /* INDTwiMLNestableElement.m */; };
		0CC9A7AB18CF3CF3005D01FB /* INDTwiMLNestedDialElement.m in Sources */ = {isa = PBXBuildFile; fileRef = 0CC9A7AA18CF3CF3005D01FB /* INDTwiMLNestedDialElement.m */; };
		0CC9A7AE18CF426A005D01FB /* INDTwiMLNumberElement.m in Sources */ = {isa = PBXBuildFile; fileRef = 0CC9A7AD18CF426A005D01FB /* INDTwiMLNumberElement.m */; };
		0CC9A7B118CF4279005D01FB /* INDTwiMLSipElement.m in Sources */ = {isa = PBXBuildFile; fileRef = 0CC9A7B018CF4279005D01FB /* INDTwiMLSipElement.m */; };
		0CC9A7B418CF4287005D01FB /* INDTwiMLClientElement.m in Sources */ = {isa = PBXBuildFile; fileRef = 0CC9A7B318CF4287005D01FB /* INDTwiMLClientElement.m */; };
		0CC9A7B718CF4297005D01FB /* INDTwiMLConferenceElement.m in Sources */ = {isa = PBXBuildFile; fileRef = 0CC9A7B618CF4297005D01FB /* INDTwiMLConferenceElement.m */; };
		0CC9A7BA18CF42A7005D01FB /* INDTwiMLQueueElement.m in Sources */ = {isa = PBXBuildFile; fileRef = 0CC9A7B918CF42A7005D01FB /* INDTwiMLQueueElement.m */; };
		0CD9359018CE2FAF00B34375 /* Foundation.framework in Frameworks */ = {isa = PBXBuildFile; fileRef = 0CD9358F18CE2FAF00B34375 /* Foundation.framework */; };
		0CD9359E18CE2FAF00B34375 /* XCTest.framework in Frameworks */ = {isa = PBXBuildFile; fileRef = 0CD9359D18CE2FAF00B34375 /* XCTest.framework */; };
		0CD9359F18CE2FAF00B34375 /* Foundation.framework in Frameworks */ = {isa = PBXBuildFile; fileRef = 0CD9358F18CE2FAF00B34375 /* Foundation.framework */; };
		0CD935A118CE2FAF00B34375 /* UIKit.framework in Frameworks */ = {isa = PBXBuildFile; fileRef = 0CD935A018CE2FAF00B34375 /* UIKit.framework */; };
		0CD935A418CE2FAF00B34375 /* libINDObjCTwiMLWriter.a in Frameworks */ = {isa = PBXBuildFile; fileRef = 0CD9358C18CE2FAF00B34375 /* libINDObjCTwiMLWriter.a */; };
		0CD935AA18CE2FAF00B34375 /* InfoPlist.strings in Resources */ = {isa = PBXBuildFile; fileRef = 0CD935A818CE2FAF00B34375 /* InfoPlist.strings */; };
		0CD935AC18CE2FAF00B34375 /* INDObjCTwiMLWriterTests.m in Sources */ = {isa = PBXBuildFile; fileRef = 0CD935AB18CE2FAF00B34375 /* INDObjCTwiMLWriterTests.m */; };
		37345A0818CE443000CE21A7 /* INDTwiMLSmsElement.m in Sources */ = {isa = PBXBuildFile; fileRef = 37345A0718CE443000CE21A7 /* INDTwiMLSmsElement.m */; };
/* End PBXBuildFile section */

/* Begin PBXContainerItemProxy section */
		0CD935A218CE2FAF00B34375 /* PBXContainerItemProxy */ = {
			isa = PBXContainerItemProxy;
			containerPortal = 0CD9358418CE2FAF00B34375 /* Project object */;
			proxyType = 1;
			remoteGlobalIDString = 0CD9358B18CE2FAF00B34375;
			remoteInfo = INDObjCTwiMLWriter;
		};
/* End PBXContainerItemProxy section */

/* Begin PBXCopyFilesBuildPhase section */
		0CD9358A18CE2FAF00B34375 /* CopyFiles */ = {
			isa = PBXCopyFilesBuildPhase;
			buildActionMask = 2147483647;
			dstPath = "include/$(PRODUCT_NAME)";
			dstSubfolderSpec = 16;
			files = (
			);
			runOnlyForDeploymentPostprocessing = 0;
		};
/* End PBXCopyFilesBuildPhase section */

/* Begin PBXFileReference section */
		0C56C46C18CE331A0040EB6C /* INDTwiMLDialElement.h */ = {isa = PBXFileReference; fileEncoding = 4; lastKnownFileType = sourcecode.c.h; path = INDTwiMLDialElement.h; sourceTree = "<group>"; };
		0C56C46D18CE331A0040EB6C /* INDTwiMLDialElement.m */ = {isa = PBXFileReference; fileEncoding = 4; lastKnownFileType = sourcecode.c.objc; path = INDTwiMLDialElement.m; sourceTree = "<group>"; };
		0C56C46E18CE331A0040EB6C /* INDTwiMLEnqueueElement.h */ = {isa = PBXFileReference; fileEncoding = 4; lastKnownFileType = sourcecode.c.h; path = INDTwiMLEnqueueElement.h; sourceTree = "<group>"; };
		0C56C46F18CE331A0040EB6C /* INDTwiMLEnqueueElement.m */ = {isa = PBXFileReference; fileEncoding = 4; lastKnownFileType = sourcecode.c.objc; path = INDTwiMLEnqueueElement.m; sourceTree = "<group>"; };
		0C56C47018CE331A0040EB6C /* INDTwiMLGatherElement.h */ = {isa = PBXFileReference; fileEncoding = 4; lastKnownFileType = sourcecode.c.h; path = INDTwiMLGatherElement.h; sourceTree = "<group>"; };
		0C56C47118CE331A0040EB6C /* INDTwiMLGatherElement.m */ = {isa = PBXFileReference; fileEncoding = 4; lastKnownFileType = sourcecode.c.objc; path = INDTwiMLGatherElement.m; sourceTree = "<group>"; };
		0C56C47218CE331A0040EB6C /* INDTwiMLHangupElement.h */ = {isa = PBXFileReference; fileEncoding = 4; lastKnownFileType = sourcecode.c.h; path = INDTwiMLHangupElement.h; sourceTree = "<group>"; };
		0C56C47318CE331A0040EB6C /* INDTwiMLHangupElement.m */ = {isa = PBXFileReference; fileEncoding = 4; lastKnownFileType = sourcecode.c.objc; path = INDTwiMLHangupElement.m; sourceTree = "<group>"; };
		0C56C47418CE331A0040EB6C /* INDTwiMLLeaveElement.h */ = {isa = PBXFileReference; fileEncoding = 4; lastKnownFileType = sourcecode.c.h; path = INDTwiMLLeaveElement.h; sourceTree = "<group>"; };
		0C56C47518CE331A0040EB6C /* INDTwiMLLeaveElement.m */ = {isa = PBXFileReference; fileEncoding = 4; lastKnownFileType = sourcecode.c.objc; path = INDTwiMLLeaveElement.m; sourceTree = "<group>"; };
		0C56C47618CE331A0040EB6C /* INDTwiMLPauseElement.h */ = {isa = PBXFileReference; fileEncoding = 4; lastKnownFileType = sourcecode.c.h; path = INDTwiMLPauseElement.h; sourceTree = "<group>"; };
		0C56C47718CE331A0040EB6C /* INDTwiMLPauseElement.m */ = {isa = PBXFileReference; fileEncoding = 4; lastKnownFileType = sourcecode.c.objc; path = INDTwiMLPauseElement.m; sourceTree = "<group>"; };
		0C56C47818CE331A0040EB6C /* INDTwiMLPlayElement.h */ = {isa = PBXFileReference; fileEncoding = 4; lastKnownFileType = sourcecode.c.h; path = INDTwiMLPlayElement.h; sourceTree = "<group>"; };
		0C56C47918CE331A0040EB6C /* INDTwiMLPlayElement.m */ = {isa = PBXFileReference; fileEncoding = 4; lastKnownFileType = sourcecode.c.objc; path = INDTwiMLPlayElement.m; sourceTree = "<group>"; };
		0C56C47A18CE331A0040EB6C /* INDTwiMLRecordElement.h */ = {isa = PBXFileReference; fileEncoding = 4; lastKnownFileType = sourcecode.c.h; path = INDTwiMLRecordElement.h; sourceTree = "<group>"; };
		0C56C47B18CE331A0040EB6C /* INDTwiMLRecordElement.m */ = {isa = PBXFileReference; fileEncoding = 4; lastKnownFileType = sourcecode.c.objc; path = INDTwiMLRecordElement.m; sourceTree = "<group>"; };
		0C56C47C18CE331A0040EB6C /* INDTwiMLRedirectElement.h */ = {isa = PBXFileReference; fileEncoding = 4; lastKnownFileType = sourcecode.c.h; path = INDTwiMLRedirectElement.h; sourceTree = "<group>"; };
		0C56C47D18CE331A0040EB6C /* INDTwiMLRedirectElement.m */ = {isa = PBXFileReference; fileEncoding = 4; lastKnownFileType = sourcecode.c.objc; path = INDTwiMLRedirectElement.m; sourceTree = "<group>"; };
		0C56C47E18CE331A0040EB6C /* INDTwiMLRejectElement.h */ = {isa = PBXFileReference; fileEncoding = 4; lastKnownFileType = sourcecode.c.h; path = INDTwiMLRejectElement.h; sourceTree = "<group>"; };
		0C56C47F18CE331A0040EB6C /* INDTwiMLRejectElement.m */ = {isa = PBXFileReference; fileEncoding = 4; lastKnownFileType = sourcecode.c.objc; path = INDTwiMLRejectElement.m; sourceTree = "<group>"; };
		0C56C48018CE331A0040EB6C /* INDTwiMLSayElement.h */ = {isa = PBXFileReference; fileEncoding = 4; lastKnownFileType = sourcecode.c.h; path = INDTwiMLSayElement.h; sourceTree = "<group>"; };
		0C56C48118CE331A0040EB6C /* INDTwiMLSayElement.m */ = {isa = PBXFileReference; fileEncoding = 4; lastKnownFileType = sourcecode.c.objc; path = INDTwiMLSayElement.m; sourceTree = "<group>"; };
		0C56C48318CE331A0040EB6C /* INDTwiMLElement.h */ = {isa = PBXFileReference; fileEncoding = 4; lastKnownFileType = sourcecode.c.h; path = INDTwiMLElement.h; sourceTree = "<group>"; };
		0C56C48418CE331A0040EB6C /* INDTwiMLElement.m */ = {isa = PBXFileReference; fileEncoding = 4; lastKnownFileType = sourcecode.c.objc; path = INDTwiMLElement.m; sourceTree = "<group>"; };
		0C56C48618CE331A0040EB6C /* INDTwiMLFactory.h */ = {isa = PBXFileReference; fileEncoding = 4; lastKnownFileType = sourcecode.c.h; path = INDTwiMLFactory.h; sourceTree = "<group>"; };
		0C56C48718CE331A0040EB6C /* INDTwiMLFactory.m */ = {isa = PBXFileReference; fileEncoding = 4; lastKnownFileType = sourcecode.c.objc; path = INDTwiMLFactory.m; sourceTree = "<group>"; };
		0C56C48818CE331A0040EB6C /* INDTwiMLWritter.h */ = {isa = PBXFileReference; fileEncoding = 4; lastKnownFileType = sourcecode.c.h; path = INDTwiMLWritter.h; sourceTree = "<group>"; };
		0C56C48918CE331A0040EB6C /* INDTwiMLWritter.m */ = {isa = PBXFileReference; fileEncoding = 4; lastKnownFileType = sourcecode.c.objc; path = INDTwiMLWritter.m; sourceTree = "<group>"; };
		0C5FBEE618CE394E00AD374C /* INDTwiMLElementWithValue.h */ = {isa = PBXFileReference; fileEncoding = 4; lastKnownFileType = sourcecode.c.h; path = INDTwiMLElementWithValue.h; sourceTree = "<group>"; };
		0C5FBEE718CE394E00AD374C /* INDTwiMLElementWithValue.m */ = {isa = PBXFileReference; fileEncoding = 4; lastKnownFileType = sourcecode.c.objc; path = INDTwiMLElementWithValue.m; sourceTree = "<group>"; };
		0CC9A79E18CE563A005D01FB /* INDTwiMLNestableElement.h */ = {isa = PBXFileReference; fileEncoding = 4; lastKnownFileType = sourcecode.c.h; path = INDTwiMLNestableElement.h; sourceTree = "<group>"; };
		0CC9A79F18CE563A005D01FB /* INDTwiMLNestableElement.m */ = {isa = PBXFileReference; fileEncoding = 4; lastKnownFileType = sourcecode.c.objc; path = INDTwiMLNestableElement.m; sourceTree = "<group>"; };
		0CC9A7A918CF3CF3005D01FB /* INDTwiMLNestedDialElement.h */ = {isa = PBXFileReference; fileEncoding = 4; lastKnownFileType = sourcecode.c.h; path = INDTwiMLNestedDialElement.h; sourceTree = "<group>"; };
		0CC9A7AA18CF3CF3005D01FB /* INDTwiMLNestedDialElement.m */ = {isa = PBXFileReference; fileEncoding = 4; lastKnownFileType = sourcecode.c.objc; path = INDTwiMLNestedDialElement.m; sourceTree = "<group>"; };
		0CC9A7AC18CF426A005D01FB /* INDTwiMLNumberElement.h */ = {isa = PBXFileReference; fileEncoding = 4; lastKnownFileType = sourcecode.c.h; path = INDTwiMLNumberElement.h; sourceTree = "<group>"; };
		0CC9A7AD18CF426A005D01FB /* INDTwiMLNumberElement.m */ = {isa = PBXFileReference; fileEncoding = 4; lastKnownFileType = sourcecode.c.objc; path = INDTwiMLNumberElement.m; sourceTree = "<group>"; };
		0CC9A7AF18CF4279005D01FB /* INDTwiMLSipElement.h */ = {isa = PBXFileReference; fileEncoding = 4; lastKnownFileType = sourcecode.c.h; path = INDTwiMLSipElement.h; sourceTree = "<group>"; };
		0CC9A7B018CF4279005D01FB /* INDTwiMLSipElement.m */ = {isa = PBXFileReference; fileEncoding = 4; lastKnownFileType = sourcecode.c.objc; path = INDTwiMLSipElement.m; sourceTree = "<group>"; };
		0CC9A7B218CF4287005D01FB /* INDTwiMLClientElement.h */ = {isa = PBXFileReference; fileEncoding = 4; lastKnownFileType = sourcecode.c.h; path = INDTwiMLClientElement.h; sourceTree = "<group>"; };
		0CC9A7B318CF4287005D01FB /* INDTwiMLClientElement.m */ = {isa = PBXFileReference; fileEncoding = 4; lastKnownFileType = sourcecode.c.objc; path = INDTwiMLClientElement.m; sourceTree = "<group>"; };
		0CC9A7B518CF4297005D01FB /* INDTwiMLConferenceElement.h */ = {isa = PBXFileReference; fileEncoding = 4; lastKnownFileType = sourcecode.c.h; path = INDTwiMLConferenceElement.h; sourceTree = "<group>"; };
		0CC9A7B618CF4297005D01FB /* INDTwiMLConferenceElement.m */ = {isa = PBXFileReference; fileEncoding = 4; lastKnownFileType = sourcecode.c.objc; path = INDTwiMLConferenceElement.m; sourceTree = "<group>"; };
		0CC9A7B818CF42A7005D01FB /* INDTwiMLQueueElement.h */ = {isa = PBXFileReference; fileEncoding = 4; lastKnownFileType = sourcecode.c.h; path = INDTwiMLQueueElement.h; sourceTree = "<group>"; };
		0CC9A7B918CF42A7005D01FB /* INDTwiMLQueueElement.m */ = {isa = PBXFileReference; fileEncoding = 4; lastKnownFileType = sourcecode.c.objc; path = INDTwiMLQueueElement.m; sourceTree = "<group>"; };
		0CD9358C18CE2FAF00B34375 /* libINDObjCTwiMLWriter.a */ = {isa = PBXFileReference; explicitFileType = archive.ar; includeInIndex = 0; path = libINDObjCTwiMLWriter.a; sourceTree = BUILT_PRODUCTS_DIR; };
		0CD9358F18CE2FAF00B34375 /* Foundation.framework */ = {isa = PBXFileReference; lastKnownFileType = wrapper.framework; name = Foundation.framework; path = System/Library/Frameworks/Foundation.framework; sourceTree = SDKROOT; };
		0CD9359318CE2FAF00B34375 /* INDObjCTwiMLWriter-Prefix.pch */ = {isa = PBXFileReference; lastKnownFileType = sourcecode.c.h; path = "INDObjCTwiMLWriter-Prefix.pch"; sourceTree = "<group>"; };
		0CD9359C18CE2FAF00B34375 /* INDObjCTwiMLWriterTests.xctest */ = {isa = PBXFileReference; explicitFileType = wrapper.cfbundle; includeInIndex = 0; path = INDObjCTwiMLWriterTests.xctest; sourceTree = BUILT_PRODUCTS_DIR; };
		0CD9359D18CE2FAF00B34375 /* XCTest.framework */ = {isa = PBXFileReference; lastKnownFileType = wrapper.framework; name = XCTest.framework; path = Library/Frameworks/XCTest.framework; sourceTree = DEVELOPER_DIR; };
		0CD935A018CE2FAF00B34375 /* UIKit.framework */ = {isa = PBXFileReference; lastKnownFileType = wrapper.framework; name = UIKit.framework; path = Library/Frameworks/UIKit.framework; sourceTree = DEVELOPER_DIR; };
		0CD935A718CE2FAF00B34375 /* INDObjCTwiMLWriterTests-Info.plist */ = {isa = PBXFileReference; lastKnownFileType = text.plist.xml; path = "INDObjCTwiMLWriterTests-Info.plist"; sourceTree = "<group>"; };
		0CD935A918CE2FAF00B34375 /* en */ = {isa = PBXFileReference; lastKnownFileType = text.plist.strings; name = en; path = en.lproj/InfoPlist.strings; sourceTree = "<group>"; };
		0CD935AB18CE2FAF00B34375 /* INDObjCTwiMLWriterTests.m */ = {isa = PBXFileReference; lastKnownFileType = sourcecode.c.objc; path = INDObjCTwiMLWriterTests.m; sourceTree = "<group>"; };
		37345A0618CE443000CE21A7 /* INDTwiMLSmsElement.h */ = {isa = PBXFileReference; fileEncoding = 4; lastKnownFileType = sourcecode.c.h; path = INDTwiMLSmsElement.h; sourceTree = "<group>"; };
		37345A0718CE443000CE21A7 /* INDTwiMLSmsElement.m */ = {isa = PBXFileReference; fileEncoding = 4; lastKnownFileType = sourcecode.c.objc; path = INDTwiMLSmsElement.m; sourceTree = "<group>"; };
/* End PBXFileReference section */

/* Begin PBXFrameworksBuildPhase section */
		0CD9358918CE2FAF00B34375 /* Frameworks */ = {
			isa = PBXFrameworksBuildPhase;
			buildActionMask = 2147483647;
			files = (
				0CD9359018CE2FAF00B34375 /* Foundation.framework in Frameworks */,
			);
			runOnlyForDeploymentPostprocessing = 0;
		};
		0CD9359918CE2FAF00B34375 /* Frameworks */ = {
			isa = PBXFrameworksBuildPhase;
			buildActionMask = 2147483647;
			files = (
				0CD935A418CE2FAF00B34375 /* libINDObjCTwiMLWriter.a in Frameworks */,
				0CD9359E18CE2FAF00B34375 /* XCTest.framework in Frameworks */,
				0CD935A118CE2FAF00B34375 /* UIKit.framework in Frameworks */,
				0CD9359F18CE2FAF00B34375 /* Foundation.framework in Frameworks */,
			);
			runOnlyForDeploymentPostprocessing = 0;
		};
/* End PBXFrameworksBuildPhase section */

/* Begin PBXGroup section */
		0C56C46B18CE331A0040EB6C /* models */ = {
			isa = PBXGroup;
			children = (
				0CC9A7B218CF4287005D01FB /* INDTwiMLClientElement.h */,
				0CC9A7B318CF4287005D01FB /* INDTwiMLClientElement.m */,
				0CC9A7B518CF4297005D01FB /* INDTwiMLConferenceElement.h */,
				0CC9A7B618CF4297005D01FB /* INDTwiMLConferenceElement.m */,
				0C56C46C18CE331A0040EB6C /* INDTwiMLDialElement.h */,
				0C56C46D18CE331A0040EB6C /* INDTwiMLDialElement.m */,
				0C56C46E18CE331A0040EB6C /* INDTwiMLEnqueueElement.h */,
				0C56C46F18CE331A0040EB6C /* INDTwiMLEnqueueElement.m */,
				0C56C47018CE331A0040EB6C /* INDTwiMLGatherElement.h */,
				0C56C47118CE331A0040EB6C /* INDTwiMLGatherElement.m */,
				0C56C47218CE331A0040EB6C /* INDTwiMLHangupElement.h */,
				0C56C47318CE331A0040EB6C /* INDTwiMLHangupElement.m */,
				0C56C47418CE331A0040EB6C /* INDTwiMLLeaveElement.h */,
				0C56C47518CE331A0040EB6C /* INDTwiMLLeaveElement.m */,
				0CC9A7A918CF3CF3005D01FB /* INDTwiMLNestedDialElement.h */,
				0CC9A7AA18CF3CF3005D01FB /* INDTwiMLNestedDialElement.m */,
				0CC9A7AC18CF426A005D01FB /* INDTwiMLNumberElement.h */,
				0CC9A7AD18CF426A005D01FB /* INDTwiMLNumberElement.m */,
				0C56C47618CE331A0040EB6C /* INDTwiMLPauseElement.h */,
				0C56C47718CE331A0040EB6C /* INDTwiMLPauseElement.m */,
				0C56C47818CE331A0040EB6C /* INDTwiMLPlayElement.h */,
				0C56C47918CE331A0040EB6C /* INDTwiMLPlayElement.m */,
				0CC9A7B818CF42A7005D01FB /* INDTwiMLQueueElement.h */,
				0CC9A7B918CF42A7005D01FB /* INDTwiMLQueueElement.m */,
				0C56C47A18CE331A0040EB6C /* INDTwiMLRecordElement.h */,
				0C56C47B18CE331A0040EB6C /* INDTwiMLRecordElement.m */,
				0C56C47C18CE331A0040EB6C /* INDTwiMLRedirectElement.h */,
				0C56C47D18CE331A0040EB6C /* INDTwiMLRedirectElement.m */,
				0C56C47E18CE331A0040EB6C /* INDTwiMLRejectElement.h */,
				0C56C47F18CE331A0040EB6C /* INDTwiMLRejectElement.m */,
				0C56C48018CE331A0040EB6C /* INDTwiMLSayElement.h */,
				0C56C48118CE331A0040EB6C /* INDTwiMLSayElement.m */,
				0CC9A7AF18CF4279005D01FB /* INDTwiMLSipElement.h */,
				0CC9A7B018CF4279005D01FB /* INDTwiMLSipElement.m */,
				37345A0618CE443000CE21A7 /* INDTwiMLSmsElement.h */,
				37345A0718CE443000CE21A7 /* INDTwiMLSmsElement.m */,
			);
			path = models;
			sourceTree = "<group>";
		};
		0C56C48218CE331A0040EB6C /* private */ = {
			isa = PBXGroup;
			children = (
				0C56C48318CE331A0040EB6C /* INDTwiMLElement.h */,
				0C56C48418CE331A0040EB6C /* INDTwiMLElement.m */,
				0C5FBEE618CE394E00AD374C /* INDTwiMLElementWithValue.h */,
				0C5FBEE718CE394E00AD374C /* INDTwiMLElementWithValue.m */,
				0CC9A79E18CE563A005D01FB /* INDTwiMLNestableElement.h */,
				0CC9A79F18CE563A005D01FB /* INDTwiMLNestableElement.m */,
			);
			path = private;
			sourceTree = "<group>";
		};
		0C56C48518CE331A0040EB6C /* utilities */ = {
			isa = PBXGroup;
			children = (
				0C56C48618CE331A0040EB6C /* INDTwiMLFactory.h */,
				0C56C48718CE331A0040EB6C /* INDTwiMLFactory.m */,
				0C56C48818CE331A0040EB6C /* INDTwiMLWritter.h */,
				0C56C48918CE331A0040EB6C /* INDTwiMLWritter.m */,
			);
			path = utilities;
			sourceTree = "<group>";
		};
		0CD9358318CE2FAF00B34375 = {
			isa = PBXGroup;
			children = (
				0CD9359118CE2FAF00B34375 /* INDObjCTwiMLWriter */,
				0CD935A518CE2FAF00B34375 /* INDObjCTwiMLWriterTests */,
				0CD9358E18CE2FAF00B34375 /* Frameworks */,
				0CD9358D18CE2FAF00B34375 /* Products */,
			);
			sourceTree = "<group>";
		};
		0CD9358D18CE2FAF00B34375 /* Products */ = {
			isa = PBXGroup;
			children = (
				0CD9358C18CE2FAF00B34375 /* libINDObjCTwiMLWriter.a */,
				0CD9359C18CE2FAF00B34375 /* INDObjCTwiMLWriterTests.xctest */,
			);
			name = Products;
			sourceTree = "<group>";
		};
		0CD9358E18CE2FAF00B34375 /* Frameworks */ = {
			isa = PBXGroup;
			children = (
				0CD9358F18CE2FAF00B34375 /* Foundation.framework */,
				0CD9359D18CE2FAF00B34375 /* XCTest.framework */,
				0CD935A018CE2FAF00B34375 /* UIKit.framework */,
			);
			name = Frameworks;
			sourceTree = "<group>";
		};
		0CD9359118CE2FAF00B34375 /* INDObjCTwiMLWriter */ = {
			isa = PBXGroup;
			children = (
				0C56C46B18CE331A0040EB6C /* models */,
				0C56C48218CE331A0040EB6C /* private */,
				0C56C48518CE331A0040EB6C /* utilities */,
				0CD9359218CE2FAF00B34375 /* Supporting Files */,
			);
			path = INDObjCTwiMLWriter;
			sourceTree = "<group>";
		};
		0CD9359218CE2FAF00B34375 /* Supporting Files */ = {
			isa = PBXGroup;
			children = (
				0CD9359318CE2FAF00B34375 /* INDObjCTwiMLWriter-Prefix.pch */,
			);
			name = "Supporting Files";
			sourceTree = "<group>";
		};
		0CD935A518CE2FAF00B34375 /* INDObjCTwiMLWriterTests */ = {
			isa = PBXGroup;
			children = (
				0CD935AB18CE2FAF00B34375 /* INDObjCTwiMLWriterTests.m */,
				0CD935A618CE2FAF00B34375 /* Supporting Files */,
			);
			path = INDObjCTwiMLWriterTests;
			sourceTree = "<group>";
		};
		0CD935A618CE2FAF00B34375 /* Supporting Files */ = {
			isa = PBXGroup;
			children = (
				0CD935A718CE2FAF00B34375 /* INDObjCTwiMLWriterTests-Info.plist */,
				0CD935A818CE2FAF00B34375 /* InfoPlist.strings */,
			);
			name = "Supporting Files";
			sourceTree = "<group>";
		};
/* End PBXGroup section */

/* Begin PBXNativeTarget section */
		0CD9358B18CE2FAF00B34375 /* INDObjCTwiMLWriter */ = {
			isa = PBXNativeTarget;
			buildConfigurationList = 0CD935AF18CE2FAF00B34375 /* Build configuration list for PBXNativeTarget "INDObjCTwiMLWriter" */;
			buildPhases = (
				0CD9358818CE2FAF00B34375 /* Sources */,
				0CD9358918CE2FAF00B34375 /* Frameworks */,
				0CD9358A18CE2FAF00B34375 /* CopyFiles */,
			);
			buildRules = (
			);
			dependencies = (
			);
			name = INDObjCTwiMLWriter;
			productName = INDObjCTwiMLWriter;
			productReference = 0CD9358C18CE2FAF00B34375 /* libINDObjCTwiMLWriter.a */;
			productType = "com.apple.product-type.library.static";
		};
		0CD9359B18CE2FAF00B34375 /* INDObjCTwiMLWriterTests */ = {
			isa = PBXNativeTarget;
			buildConfigurationList = 0CD935B218CE2FAF00B34375 /* Build configuration list for PBXNativeTarget "INDObjCTwiMLWriterTests" */;
			buildPhases = (
				0CD9359818CE2FAF00B34375 /* Sources */,
				0CD9359918CE2FAF00B34375 /* Frameworks */,
				0CD9359A18CE2FAF00B34375 /* Resources */,
			);
			buildRules = (
			);
			dependencies = (
				0CD935A318CE2FAF00B34375 /* PBXTargetDependency */,
			);
			name = INDObjCTwiMLWriterTests;
			productName = INDObjCTwiMLWriterTests;
			productReference = 0CD9359C18CE2FAF00B34375 /* INDObjCTwiMLWriterTests.xctest */;
			productType = "com.apple.product-type.bundle.unit-test";
		};
/* End PBXNativeTarget section */

/* Begin PBXProject section */
		0CD9358418CE2FAF00B34375 /* Project object */ = {
			isa = PBXProject;
			attributes = {
				LastUpgradeCheck = 0510;
				ORGANIZATIONNAME = Indatus;
			};
			buildConfigurationList = 0CD9358718CE2FAF00B34375 /* Build configuration list for PBXProject "INDObjCTwiMLWriter" */;
			compatibilityVersion = "Xcode 3.2";
			developmentRegion = English;
			hasScannedForEncodings = 0;
			knownRegions = (
				en,
			);
			mainGroup = 0CD9358318CE2FAF00B34375;
			productRefGroup = 0CD9358D18CE2FAF00B34375 /* Products */;
			projectDirPath = "";
			projectRoot = "";
			targets = (
				0CD9358B18CE2FAF00B34375 /* INDObjCTwiMLWriter */,
				0CD9359B18CE2FAF00B34375 /* INDObjCTwiMLWriterTests */,
			);
		};
/* End PBXProject section */

/* Begin PBXResourcesBuildPhase section */
		0CD9359A18CE2FAF00B34375 /* Resources */ = {
			isa = PBXResourcesBuildPhase;
			buildActionMask = 2147483647;
			files = (
				0CD935AA18CE2FAF00B34375 /* InfoPlist.strings in Resources */,
			);
			runOnlyForDeploymentPostprocessing = 0;
		};
/* End PBXResourcesBuildPhase section */

/* Begin PBXSourcesBuildPhase section */
		0CD9358818CE2FAF00B34375 /* Sources */ = {
			isa = PBXSourcesBuildPhase;
			buildActionMask = 2147483647;
			files = (
				0C56C49218CE331A0040EB6C /* INDTwiMLRedirectElement.m in Sources */,
				0C56C48A18CE331A0040EB6C /* INDTwiMLDialElement.m in Sources */,
				0C56C48F18CE331A0040EB6C /* INDTwiMLPauseElement.m in Sources */,
				0C56C48C18CE331A0040EB6C /* INDTwiMLGatherElement.m in Sources */,
				37345A0818CE443000CE21A7 /* INDTwiMLSmsElement.m in Sources */,
				0CC9A7A018CE563A005D01FB /* INDTwiMLNestableElement.m in Sources */,
				0C56C49618CE331A0040EB6C /* INDTwiMLFactory.m in Sources */,
				0C56C49118CE331A0040EB6C /* INDTwiMLRecordElement.m in Sources */,
				0C56C49018CE331A0040EB6C /* INDTwiMLPlayElement.m in Sources */,
				0C56C48E18CE331A0040EB6C /* INDTwiMLLeaveElement.m in Sources */,
				0C56C49318CE331A0040EB6C /* INDTwiMLRejectElement.m in Sources */,
				0CC9A7AB18CF3CF3005D01FB /* INDTwiMLNestedDialElement.m in Sources */,
				0C5FBEE818CE394E00AD374C /* INDTwiMLElementWithValue.m in Sources */,
				0CC9A7B418CF4287005D01FB /* INDTwiMLClientElement.m in Sources */,
				0CC9A7B118CF4279005D01FB /* INDTwiMLSipElement.m in Sources */,
				0C56C48B18CE331A0040EB6C /* INDTwiMLEnqueueElement.m in Sources */,
				0C56C49418CE331A0040EB6C /* INDTwiMLSayElement.m in Sources */,
				0C56C49718CE331A0040EB6C /* INDTwiMLWritter.m in Sources */,
				0CC9A7BA18CF42A7005D01FB /* INDTwiMLQueueElement.m in Sources */,
				0CC9A7B718CF4297005D01FB /* INDTwiMLConferenceElement.m in Sources */,
				0C56C49518CE331A0040EB6C /* INDTwiMLElement.m in Sources */,
				0CC9A7AE18CF426A005D01FB /* INDTwiMLNumberElement.m in Sources */,
				0C56C48D18CE331A0040EB6C /* INDTwiMLHangupElement.m in Sources */,
			);
			runOnlyForDeploymentPostprocessing = 0;
		};
		0CD9359818CE2FAF00B34375 /* Sources */ = {
			isa = PBXSourcesBuildPhase;
			buildActionMask = 2147483647;
			files = (
				0CD935AC18CE2FAF00B34375 /* INDObjCTwiMLWriterTests.m in Sources */,
			);
			runOnlyForDeploymentPostprocessing = 0;
		};
/* End PBXSourcesBuildPhase section */

/* Begin PBXTargetDependency section */
		0CD935A318CE2FAF00B34375 /* PBXTargetDependency */ = {
			isa = PBXTargetDependency;
			target = 0CD9358B18CE2FAF00B34375 /* INDObjCTwiMLWriter */;
			targetProxy = 0CD935A218CE2FAF00B34375 /* PBXContainerItemProxy */;
		};
/* End PBXTargetDependency section */

/* Begin PBXVariantGroup section */
		0CD935A818CE2FAF00B34375 /* InfoPlist.strings */ = {
			isa = PBXVariantGroup;
			children = (
				0CD935A918CE2FAF00B34375 /* en */,
			);
			name = InfoPlist.strings;
			sourceTree = "<group>";
		};
/* End PBXVariantGroup section */

/* Begin XCBuildConfiguration section */
		0CD935AD18CE2FAF00B34375 /* Debug */ = {
			isa = XCBuildConfiguration;
			buildSettings = {
				ALWAYS_SEARCH_USER_PATHS = NO;
				CLANG_CXX_LANGUAGE_STANDARD = "gnu++0x";
				CLANG_CXX_LIBRARY = "libc++";
				CLANG_ENABLE_MODULES = YES;
				CLANG_ENABLE_OBJC_ARC = YES;
				CLANG_WARN_BOOL_CONVERSION = YES;
				CLANG_WARN_CONSTANT_CONVERSION = YES;
				CLANG_WARN_DIRECT_OBJC_ISA_USAGE = YES_ERROR;
				CLANG_WARN_EMPTY_BODY = YES;
				CLANG_WARN_ENUM_CONVERSION = YES;
				CLANG_WARN_INT_CONVERSION = YES;
				CLANG_WARN_OBJC_ROOT_CLASS = YES_ERROR;
				CLANG_WARN__DUPLICATE_METHOD_MATCH = YES;
				COPY_PHASE_STRIP = NO;
				GCC_C_LANGUAGE_STANDARD = gnu99;
				GCC_DYNAMIC_NO_PIC = NO;
				GCC_OPTIMIZATION_LEVEL = 0;
				GCC_PREPROCESSOR_DEFINITIONS = (
					"DEBUG=1",
					"$(inherited)",
				);
				GCC_SYMBOLS_PRIVATE_EXTERN = NO;
				GCC_WARN_64_TO_32_BIT_CONVERSION = YES;
				GCC_WARN_ABOUT_RETURN_TYPE = YES_ERROR;
				GCC_WARN_UNDECLARED_SELECTOR = YES;
				GCC_WARN_UNINITIALIZED_AUTOS = YES_AGGRESSIVE;
				GCC_WARN_UNUSED_FUNCTION = YES;
				GCC_WARN_UNUSED_VARIABLE = YES;
				IPHONEOS_DEPLOYMENT_TARGET = 7.1;
				ONLY_ACTIVE_ARCH = YES;
				SDKROOT = iphoneos;
			};
			name = Debug;
		};
		0CD935AE18CE2FAF00B34375 /* Release */ = {
			isa = XCBuildConfiguration;
			buildSettings = {
				ALWAYS_SEARCH_USER_PATHS = NO;
				CLANG_CXX_LANGUAGE_STANDARD = "gnu++0x";
				CLANG_CXX_LIBRARY = "libc++";
				CLANG_ENABLE_MODULES = YES;
				CLANG_ENABLE_OBJC_ARC = YES;
				CLANG_WARN_BOOL_CONVERSION = YES;
				CLANG_WARN_CONSTANT_CONVERSION = YES;
				CLANG_WARN_DIRECT_OBJC_ISA_USAGE = YES_ERROR;
				CLANG_WARN_EMPTY_BODY = YES;
				CLANG_WARN_ENUM_CONVERSION = YES;
				CLANG_WARN_INT_CONVERSION = YES;
				CLANG_WARN_OBJC_ROOT_CLASS = YES_ERROR;
				CLANG_WARN__DUPLICATE_METHOD_MATCH = YES;
				COPY_PHASE_STRIP = YES;
				ENABLE_NS_ASSERTIONS = NO;
				GCC_C_LANGUAGE_STANDARD = gnu99;
				GCC_WARN_64_TO_32_BIT_CONVERSION = YES;
				GCC_WARN_ABOUT_RETURN_TYPE = YES_ERROR;
				GCC_WARN_UNDECLARED_SELECTOR = YES;
				GCC_WARN_UNINITIALIZED_AUTOS = YES_AGGRESSIVE;
				GCC_WARN_UNUSED_FUNCTION = YES;
				GCC_WARN_UNUSED_VARIABLE = YES;
				IPHONEOS_DEPLOYMENT_TARGET = 7.1;
				SDKROOT = iphoneos;
				VALIDATE_PRODUCT = YES;
			};
			name = Release;
		};
		0CD935B018CE2FAF00B34375 /* Debug */ = {
			isa = XCBuildConfiguration;
			buildSettings = {
				DSTROOT = /tmp/INDObjCTwiMLWriter.dst;
				GCC_PRECOMPILE_PREFIX_HEADER = YES;
				GCC_PREFIX_HEADER = "INDObjCTwiMLWriter/INDObjCTwiMLWriter-Prefix.pch";
				OTHER_LDFLAGS = "-ObjC";
				PRODUCT_NAME = "$(TARGET_NAME)";
				SKIP_INSTALL = YES;
			};
			name = Debug;
		};
		0CD935B118CE2FAF00B34375 /* Release */ = {
			isa = XCBuildConfiguration;
			buildSettings = {
				DSTROOT = /tmp/INDObjCTwiMLWriter.dst;
				GCC_PRECOMPILE_PREFIX_HEADER = YES;
				GCC_PREFIX_HEADER = "INDObjCTwiMLWriter/INDObjCTwiMLWriter-Prefix.pch";
				OTHER_LDFLAGS = "-ObjC";
				PRODUCT_NAME = "$(TARGET_NAME)";
				SKIP_INSTALL = YES;
			};
			name = Release;
		};
		0CD935B318CE2FAF00B34375 /* Debug */ = {
			isa = XCBuildConfiguration;
			buildSettings = {
				FRAMEWORK_SEARCH_PATHS = (
					"$(SDKROOT)/Developer/Library/Frameworks",
					"$(inherited)",
					"$(DEVELOPER_FRAMEWORKS_DIR)",
				);
				GCC_PRECOMPILE_PREFIX_HEADER = YES;
				GCC_PREFIX_HEADER = "INDObjCTwiMLWriter/INDObjCTwiMLWriter-Prefix.pch";
				GCC_PREPROCESSOR_DEFINITIONS = (
					"DEBUG=1",
					"$(inherited)",
				);
				INFOPLIST_FILE = "INDObjCTwiMLWriterTests/INDObjCTwiMLWriterTests-Info.plist";
				PRODUCT_NAME = "$(TARGET_NAME)";
				WRAPPER_EXTENSION = xctest;
			};
			name = Debug;
		};
		0CD935B418CE2FAF00B34375 /* Release */ = {
			isa = XCBuildConfiguration;
			buildSettings = {
				FRAMEWORK_SEARCH_PATHS = (
					"$(SDKROOT)/Developer/Library/Frameworks",
					"$(inherited)",
					"$(DEVELOPER_FRAMEWORKS_DIR)",
				);
				GCC_PRECOMPILE_PREFIX_HEADER = YES;
				GCC_PREFIX_HEADER = "INDObjCTwiMLWriter/INDObjCTwiMLWriter-Prefix.pch";
				INFOPLIST_FILE = "INDObjCTwiMLWriterTests/INDObjCTwiMLWriterTests-Info.plist";
				PRODUCT_NAME = "$(TARGET_NAME)";
				WRAPPER_EXTENSION = xctest;
			};
			name = Release;
		};
/* End XCBuildConfiguration section */

/* Begin XCConfigurationList section */
		0CD9358718CE2FAF00B34375 /* Build configuration list for PBXProject "INDObjCTwiMLWriter" */ = {
			isa = XCConfigurationList;
			buildConfigurations = (
				0CD935AD18CE2FAF00B34375 /* Debug */,
				0CD935AE18CE2FAF00B34375 /* Release */,
			);
			defaultConfigurationIsVisible = 0;
			defaultConfigurationName = Release;
		};
		0CD935AF18CE2FAF00B34375 /* Build configuration list for PBXNativeTarget "INDObjCTwiMLWriter" */ = {
			isa = XCConfigurationList;
			buildConfigurations = (
				0CD935B018CE2FAF00B34375 /* Debug */,
				0CD935B118CE2FAF00B34375 /* Release */,
			);
			defaultConfigurationIsVisible = 0;
			defaultConfigurationName = Release;
		};
		0CD935B218CE2FAF00B34375 /* Build configuration list for PBXNativeTarget "INDObjCTwiMLWriterTests" */ = {
			isa = XCConfigurationList;
			buildConfigurations = (
				0CD935B318CE2FAF00B34375 /* Debug */,
				0CD935B418CE2FAF00B34375 /* Release */,
			);
			defaultConfigurationIsVisible = 0;
			defaultConfigurationName = Release;
		};
/* End XCConfigurationList section */
	};
	rootObject = 0CD9358418CE2FAF00B34375 /* Project object */;
}
